// !$*UTF8*$!
{
	archiveVersion = 1;
	classes = {
	};
	objectVersion = 46;
	objects = {

/* Begin PBXBuildFile section */
		5402673F1F24A3A6005967DE /* timeLineVC.m in Sources */ = {isa = PBXBuildFile; fileRef = 5402673E1F24A3A6005967DE /* timeLineVC.m */; };
		540267421F24A3DE005967DE /* HeadView.m in Sources */ = {isa = PBXBuildFile; fileRef = 540267411F24A3DE005967DE /* HeadView.m */; };
		540267451F24A652005967DE /* c.png in Resources */ = {isa = PBXBuildFile; fileRef = 540267441F24A652005967DE /* c.png */; };
		540267491F2537E9005967DE /* MyCollectionViewCellWithText.m in Sources */ = {isa = PBXBuildFile; fileRef = 540267471F2537E9005967DE /* MyCollectionViewCellWithText.m */; };
		5402674A1F2537E9005967DE /* MyCollectionViewCellWithText.xib in Resources */ = {isa = PBXBuildFile; fileRef = 540267481F2537E9005967DE /* MyCollectionViewCellWithText.xib */; };
		5402674E1F2544FF005967DE /* textLayout.m in Sources */ = {isa = PBXBuildFile; fileRef = 5402674D1F2544FF005967DE /* textLayout.m */; };
		540267511F256A11005967DE /* addNewMessageVC.m in Sources */ = {isa = PBXBuildFile; fileRef = 540267501F256A11005967DE /* addNewMessageVC.m */; };
		540267531F256A78005967DE /* addNewMessage.storyboard in Resources */ = {isa = PBXBuildFile; fileRef = 540267521F256A78005967DE /* addNewMessage.storyboard */; };
		5402675B1F26BCD1005967DE /* messageBG.png in Resources */ = {isa = PBXBuildFile; fileRef = 5402675A1F26BCD1005967DE /* messageBG.png */; };
		540829721F2F2D8800109930 /* JLNavigationViewController.m in Sources */ = {isa = PBXBuildFile; fileRef = 540829711F2F2D8800109930 /* JLNavigationViewController.m */; };
		5422336F1F26E7CD000933BD /* ThisBabyData.m in Sources */ = {isa = PBXBuildFile; fileRef = 5422336E1F26E7CD000933BD /* ThisBabyData.m */; };
		542233721F2738E8000933BD /* MyCommunicator.m in Sources */ = {isa = PBXBuildFile; fileRef = 542233711F2738E8000933BD /* MyCommunicator.m */; };
		5428BD731F160494003361AC /* loginPage.storyboard in Resources */ = {isa = PBXBuildFile; fileRef = 5428BD711F160494003361AC /* loginPage.storyboard */; };
		54296C9E1F3069BA000C06C4 /* MyCollectionViewCellWithImage1.m in Sources */ = {isa = PBXBuildFile; fileRef = 54296C9C1F3069BA000C06C4 /* MyCollectionViewCellWithImage1.m */; };
		54296C9F1F3069BA000C06C4 /* MyCollectionViewCellWithImage1.xib in Resources */ = {isa = PBXBuildFile; fileRef = 54296C9D1F3069BA000C06C4 /* MyCollectionViewCellWithImage1.xib */; };
		54296CA21F36B1C9000C06C4 /* PostItem.m in Sources */ = {isa = PBXBuildFile; fileRef = 54296CA11F36B1C9000C06C4 /* PostItem.m */; };
		542ABDFB1F13793500F5F161 /* main.m in Sources */ = {isa = PBXBuildFile; fileRef = 542ABDFA1F13793500F5F161 /* main.m */; };
		542ABDFE1F13793500F5F161 /* AppDelegate.m in Sources */ = {isa = PBXBuildFile; fileRef = 542ABDFD1F13793500F5F161 /* AppDelegate.m */; };
		542ABE011F13793500F5F161 /* ViewController.m in Sources */ = {isa = PBXBuildFile; fileRef = 542ABE001F13793500F5F161 /* ViewController.m */; };
		542ABE041F13793500F5F161 /* Main.storyboard in Resources */ = {isa = PBXBuildFile; fileRef = 542ABE021F13793500F5F161 /* Main.storyboard */; };
		542ABE061F13793500F5F161 /* Assets.xcassets in Resources */ = {isa = PBXBuildFile; fileRef = 542ABE051F13793500F5F161 /* Assets.xcassets */; };
		542ABE091F13793500F5F161 /* LaunchScreen.storyboard in Resources */ = {isa = PBXBuildFile; fileRef = 542ABE071F13793500F5F161 /* LaunchScreen.storyboard */; };
		5452CC881F1C7A54008F5C25 /* loginViewController.m in Sources */ = {isa = PBXBuildFile; fileRef = 5452CC871F1C7A54008F5C25 /* loginViewController.m */; };
		5452CC8B1F1C9AC2008F5C25 /* MyAccountData.m in Sources */ = {isa = PBXBuildFile; fileRef = 5452CC8A1F1C9AC2008F5C25 /* MyAccountData.m */; };
		5452CC8F1F1D41AE008F5C25 /* GoogleService-Info.plist in Resources */ = {isa = PBXBuildFile; fileRef = 5452CC8E1F1D41AE008F5C25 /* GoogleService-Info.plist */; };
		54A82D401F37B31A0032996D /* head@2x.png in Resources */ = {isa = PBXBuildFile; fileRef = 54A82D3E1F37B31A0032996D /* head@2x.png */; };
		54A82D411F37B31A0032996D /* head@3x.png in Resources */ = {isa = PBXBuildFile; fileRef = 54A82D3F1F37B31A0032996D /* head@3x.png */; };
		54A82D441F37BABA0032996D /* achievementItem.m in Sources */ = {isa = PBXBuildFile; fileRef = 54A82D431F37BABA0032996D /* achievementItem.m */; };
		54A82D481F37C91E0032996D /* AchievementTableViewCell.m in Sources */ = {isa = PBXBuildFile; fileRef = 54A82D461F37C91E0032996D /* AchievementTableViewCell.m */; };
		54A82D491F37C91E0032996D /* AchievementTableViewCell.xib in Resources */ = {isa = PBXBuildFile; fileRef = 54A82D471F37C91E0032996D /* AchievementTableViewCell.xib */; };
		54A82D4B1F37CE510032996D /* cup01.jpg in Resources */ = {isa = PBXBuildFile; fileRef = 54A82D4A1F37CE510032996D /* cup01.jpg */; };
		54A82D4D1F37E2150032996D /* EditTextPost.storyboard in Resources */ = {isa = PBXBuildFile; fileRef = 54A82D4C1F37E2150032996D /* EditTextPost.storyboard */; };
		54A82D501F37E25D0032996D /* EditTextPostViewController.m in Sources */ = {isa = PBXBuildFile; fileRef = 54A82D4F1F37E25D0032996D /* EditTextPostViewController.m */; };
		CF0B778A1F1859DC0067229D /* Fox.jpg in Resources */ = {isa = PBXBuildFile; fileRef = CF0B77891F1859DC0067229D /* Fox.jpg */; };
		CF0B782D1F1C88150067229D /* SliderMenuViewLeft.m in Sources */ = {isa = PBXBuildFile; fileRef = CF0B782C1F1C88150067229D /* SliderMenuViewLeft.m */; };
		CF0B78311F1C94CA0067229D /* icon_menu20x20.png in Resources */ = {isa = PBXBuildFile; fileRef = CF0B78301F1C94CA0067229D /* icon_menu20x20.png */; };
		CF0B78351F1C9DB60067229D /* icon_message48x48.png in Resources */ = {isa = PBXBuildFile; fileRef = CF0B78341F1C9DB60067229D /* icon_message48x48.png */; };
		CF0B783B1F1D9CDF0067229D /* SliderMenuViewRight.m in Sources */ = {isa = PBXBuildFile; fileRef = CF0B783A1F1D9CDF0067229D /* SliderMenuViewRight.m */; };
		CF0B783E1F1DACE50067229D /* aboutme.storyboard in Resources */ = {isa = PBXBuildFile; fileRef = CF0B783C1F1DACE40067229D /* aboutme.storyboard */; };
		CF0B78401F1DAD5B0067229D /* futureMail.storyboard in Resources */ = {isa = PBXBuildFile; fileRef = CF0B783F1F1DAD5B0067229D /* futureMail.storyboard */; };
		CF0B78431F1DAD780067229D /* achievement.storyboard in Resources */ = {isa = PBXBuildFile; fileRef = CF0B78411F1DAD780067229D /* achievement.storyboard */; };
		CF0B78481F1DB2C20067229D /* AboutMeViewcontroller.m in Sources */ = {isa = PBXBuildFile; fileRef = CF0B78471F1DB2C20067229D /* AboutMeViewcontroller.m */; };
		CF0B784B1F1DBAF60067229D /* AboutMeViewcontrollerCell.m in Sources */ = {isa = PBXBuildFile; fileRef = CF0B784A1F1DBAF60067229D /* AboutMeViewcontrollerCell.m */; };
		CF0B78521F1DE2990067229D /* 成就75x75@2x.png in Resources */ = {isa = PBXBuildFile; fileRef = CF0B78511F1DE2990067229D /* 成就75x75@2x.png */; };
		CF0B78561F1DE40D0067229D /* 相簿75x75@2x.png in Resources */ = {isa = PBXBuildFile; fileRef = CF0B78551F1DE40D0067229D /* 相簿75x75@2x.png */; };
		CF0B78581F1DE4DA0067229D /* 信箱75x75@2x.png in Resources */ = {isa = PBXBuildFile; fileRef = CF0B78571F1DE4DA0067229D /* 信箱75x75@2x.png */; };
		CF0B785A1F1DE8040067229D /* 我75x75@2x.png in Resources */ = {isa = PBXBuildFile; fileRef = CF0B78591F1DE8040067229D /* 我75x75@2x.png */; };
		CF0B785C1F1DE8F80067229D /* icon_menu20x20@2x.png in Resources */ = {isa = PBXBuildFile; fileRef = CF0B785B1F1DE8F80067229D /* icon_menu20x20@2x.png */; };
		CF0B785E1F1DE9A70067229D /* 清單75x75@2x.png in Resources */ = {isa = PBXBuildFile; fileRef = CF0B785D1F1DE9A70067229D /* 清單75x75@2x.png */; };
		CF0B78601F1DEA380067229D /* 清單48x48@2x.png in Resources */ = {isa = PBXBuildFile; fileRef = CF0B785F1F1DEA380067229D /* 清單48x48@2x.png */; };
		CF0B78621F1DEBB70067229D /* 清單30x30@2x.png in Resources */ = {isa = PBXBuildFile; fileRef = CF0B78611F1DEBB70067229D /* 清單30x30@2x.png */; };
		CF0B78661F1E3D290067229D /* AddChildSettingViewController.m in Sources */ = {isa = PBXBuildFile; fileRef = CF0B78651F1E3D290067229D /* AddChildSettingViewController.m */; };
		CF1395881F2F533500D3C0FD /* Arrow38x38@2x.png in Resources */ = {isa = PBXBuildFile; fileRef = CF1395871F2F533500D3C0FD /* Arrow38x38@2x.png */; };
		CF13958E1F2F6F7600D3C0FD /* Camera65x65@2x.png in Resources */ = {isa = PBXBuildFile; fileRef = CF13958D1F2F6F7600D3C0FD /* Camera65x65@2x.png */; };
		CF1395901F2F700F00D3C0FD /* Video75x50@2x.png in Resources */ = {isa = PBXBuildFile; fileRef = CF13958F1F2F700F00D3C0FD /* Video75x50@2x.png */; };
		CF1395921F30300800D3C0FD /* Camera200x200@2x.png in Resources */ = {isa = PBXBuildFile; fileRef = CF1395911F30300700D3C0FD /* Camera200x200@2x.png */; };
		CF1395941F3030DC00D3C0FD /* Camera150x150@2x.png in Resources */ = {isa = PBXBuildFile; fileRef = CF1395931F3030DC00D3C0FD /* Camera150x150@2x.png */; };
		CF1B65411F39645A00673520 /* TabBarController.m in Sources */ = {isa = PBXBuildFile; fileRef = CF1B65401F39645A00673520 /* TabBarController.m */; };
		CF1B65441F3A321E00673520 /* ColorTabBarView.m in Sources */ = {isa = PBXBuildFile; fileRef = CF1B65431F3A321E00673520 /* ColorTabBarView.m */; };
		CF1B654A1F3C0CEF00673520 /* SliderMenuLeftTableViewCell.m in Sources */ = {isa = PBXBuildFile; fileRef = CF1B65491F3C0CEF00673520 /* SliderMenuLeftTableViewCell.m */; };
		CF2641091F4351BF005EBFBC /* background1@2x.jpg in Resources */ = {isa = PBXBuildFile; fileRef = CF2641041F4351BF005EBFBC /* background1@2x.jpg */; };
		CF26410A1F4351BF005EBFBC /* background2@2x.jpg in Resources */ = {isa = PBXBuildFile; fileRef = CF2641051F4351BF005EBFBC /* background2@2x.jpg */; };
		CF26410B1F4351BF005EBFBC /* background3@2x.jpg in Resources */ = {isa = PBXBuildFile; fileRef = CF2641061F4351BF005EBFBC /* background3@2x.jpg */; };
		CF26410C1F4351BF005EBFBC /* background4@2x.jpg in Resources */ = {isa = PBXBuildFile; fileRef = CF2641071F4351BF005EBFBC /* background4@2x.jpg */; };
		CF26410D1F4351BF005EBFBC /* background5@2x.jpg in Resources */ = {isa = PBXBuildFile; fileRef = CF2641081F4351BF005EBFBC /* background5@2x.jpg */; };
		CF5A8D2C1F2DEAF800E0FEA6 /* AchievementViewController.m in Sources */ = {isa = PBXBuildFile; fileRef = CF5A8D2B1F2DEAF800E0FEA6 /* AchievementViewController.m */; };
		CF5A8D321F2EF7C400E0FEA6 /* WriteMailViewController.m in Sources */ = {isa = PBXBuildFile; fileRef = CF5A8D311F2EF7C400E0FEA6 /* WriteMailViewController.m */; };
		CF6150781F3075B50090433A /* MyTextAttachment.m in Sources */ = {isa = PBXBuildFile; fileRef = CF6150771F3075B50090433A /* MyTextAttachment.m */; };
		CF783CF51F35DB7F0083948D /* SelectedRow.m in Sources */ = {isa = PBXBuildFile; fileRef = CF783CF41F35DB7F0083948D /* SelectedRow.m */; };
		CFB3FADA1F40AB6A00DF842C /* WriteMailImage@2x.png in Resources */ = {isa = PBXBuildFile; fileRef = CFB3FAD91F40AB6A00DF842C /* WriteMailImage@2x.png */; };
		CFB3FADC1F40AE0000DF842C /* WriteMailImage50x50@2x.png in Resources */ = {isa = PBXBuildFile; fileRef = CFB3FADB1F40AE0000DF842C /* WriteMailImage50x50@2x.png */; };
		CFB3FADE1F40AF0D00DF842C /* WriteMailImage100x100@2x.png in Resources */ = {isa = PBXBuildFile; fileRef = CFB3FADD1F40AF0D00DF842C /* WriteMailImage100x100@2x.png */; };
		CFB3FAE01F40AF8600DF842C /* WriteMailImage75x75@2x.png in Resources */ = {isa = PBXBuildFile; fileRef = CFB3FADF1F40AF8600DF842C /* WriteMailImage75x75@2x.png */; };
		CFC6DB621F2ACF8600669187 /* FutureMailViewController.m in Sources */ = {isa = PBXBuildFile; fileRef = CFC6DB611F2ACF8600669187 /* FutureMailViewController.m */; };
		CFC6DB671F2AFB9000669187 /* Man@2x.png in Resources */ = {isa = PBXBuildFile; fileRef = CFC6DB661F2AFB9000669187 /* Man@2x.png */; };
		CFC6DB6A1F2B01DC00669187 /* FutureMaliViewControllerCellTableViewCell.m in Sources */ = {isa = PBXBuildFile; fileRef = CFC6DB691F2B01DC00669187 /* FutureMaliViewControllerCellTableViewCell.m */; };
		CFC6DB6C1F2B1BCF00669187 /* BeautyView@2x.jpg in Resources */ = {isa = PBXBuildFile; fileRef = CFC6DB6B1F2B1BCF00669187 /* BeautyView@2x.jpg */; };
		CFF3A0421F31C6A20065841F /* Postcard@2x.jpg in Resources */ = {isa = PBXBuildFile; fileRef = CFF3A0411F31C6A20065841F /* Postcard@2x.jpg */; };
		CFF3A0441F32F5150065841F /* PostCardVer2@2x.png in Resources */ = {isa = PBXBuildFile; fileRef = CFF3A0431F32F5140065841F /* PostCardVer2@2x.png */; };
		CFF3A0461F32FB240065841F /* PostCardVer3@2x.png in Resources */ = {isa = PBXBuildFile; fileRef = CFF3A0451F32FB240065841F /* PostCardVer3@2x.png */; };
		CFF3A0521F3310730065841F /* PostCardVer4@2x.png in Resources */ = {isa = PBXBuildFile; fileRef = CFF3A0511F3310730065841F /* PostCardVer4@2x.png */; };
		CFFFC78D1F24CADD0097284F /* Male30x30@2x.png in Resources */ = {isa = PBXBuildFile; fileRef = CFFFC78C1F24CADD0097284F /* Male30x30@2x.png */; };
		CFFFC78F1F24CBFA0097284F /* Female30x30@2x.png in Resources */ = {isa = PBXBuildFile; fileRef = CFFFC78E1F24CBFA0097284F /* Female30x30@2x.png */; };
		CFFFC7911F24D10C0097284F /* Female38x38@2x.png in Resources */ = {isa = PBXBuildFile; fileRef = CFFFC7901F24D10C0097284F /* Female38x38@2x.png */; };
		CFFFC7931F24D1A00097284F /* Female34x34@2x.png in Resources */ = {isa = PBXBuildFile; fileRef = CFFFC7921F24D1A00097284F /* Female34x34@2x.png */; };
		CFFFC7951F24DF630097284F /* Another30x30@2x.png in Resources */ = {isa = PBXBuildFile; fileRef = CFFFC7941F24DF630097284F /* Another30x30@2x.png */; };
		CFFFC7971F24DFE30097284F /* Another48x48@2x.png in Resources */ = {isa = PBXBuildFile; fileRef = CFFFC7961F24DFE30097284F /* Another48x48@2x.png */; };
		CFFFC7991F24E1110097284F /* Another32x38@2x.png in Resources */ = {isa = PBXBuildFile; fileRef = CFFFC7981F24E1110097284F /* Another32x38@2x.png */; };
		CFFFC79C1F25823A0097284F /* BigStickerSettingViewController.m in Sources */ = {isa = PBXBuildFile; fileRef = CFFFC79B1F25823A0097284F /* BigStickerSettingViewController.m */; };
		CFFFC79F1F258B260097284F /* Photos.framework in Frameworks */ = {isa = PBXBuildFile; fileRef = CFFFC79E1F258B260097284F /* Photos.framework */; };
		CFFFC7A11F259C690097284F /* BabyUser100x100@2x.png in Resources */ = {isa = PBXBuildFile; fileRef = CFFFC7A01F259C690097284F /* BabyUser100x100@2x.png */; };
		CFFFC7A31F259D430097284F /* BabyUser@2x.png in Resources */ = {isa = PBXBuildFile; fileRef = CFFFC7A21F259D430097284F /* BabyUser@2x.png */; };
		FDB0C1AA2AA8BC3040667FBD /* libPods-TheTimeAlbum.a in Frameworks */ = {isa = PBXBuildFile; fileRef = D647CFAB8CB5EAA3F2237E57 /* libPods-TheTimeAlbum.a */; };
/* End PBXBuildFile section */

/* Begin PBXFileReference section */
		3A339EA35F197EDD566DEFB7 /* Pods-TheTimeAlbum.release.xcconfig */ = {isa = PBXFileReference; includeInIndex = 1; lastKnownFileType = text.xcconfig; name = "Pods-TheTimeAlbum.release.xcconfig"; path = "Pods/Target Support Files/Pods-TheTimeAlbum/Pods-TheTimeAlbum.release.xcconfig"; sourceTree = "<group>"; };
		5402673D1F24A3A6005967DE /* timeLineVC.h */ = {isa = PBXFileReference; fileEncoding = 4; lastKnownFileType = sourcecode.c.h; path = timeLineVC.h; sourceTree = "<group>"; };
		5402673E1F24A3A6005967DE /* timeLineVC.m */ = {isa = PBXFileReference; fileEncoding = 4; lastKnownFileType = sourcecode.c.objc; path = timeLineVC.m; sourceTree = "<group>"; };
		540267401F24A3DE005967DE /* HeadView.h */ = {isa = PBXFileReference; fileEncoding = 4; lastKnownFileType = sourcecode.c.h; path = HeadView.h; sourceTree = "<group>"; };
		540267411F24A3DE005967DE /* HeadView.m */ = {isa = PBXFileReference; fileEncoding = 4; lastKnownFileType = sourcecode.c.objc; path = HeadView.m; sourceTree = "<group>"; };
		540267431F24A468005967DE /* myDefines.h */ = {isa = PBXFileReference; lastKnownFileType = sourcecode.c.h; path = myDefines.h; sourceTree = "<group>"; };
		540267441F24A652005967DE /* c.png */ = {isa = PBXFileReference; lastKnownFileType = image.png; path = c.png; sourceTree = "<group>"; };
		540267461F2537E9005967DE /* MyCollectionViewCellWithText.h */ = {isa = PBXFileReference; fileEncoding = 4; lastKnownFileType = sourcecode.c.h; path = MyCollectionViewCellWithText.h; sourceTree = "<group>"; };
		540267471F2537E9005967DE /* MyCollectionViewCellWithText.m */ = {isa = PBXFileReference; fileEncoding = 4; lastKnownFileType = sourcecode.c.objc; path = MyCollectionViewCellWithText.m; sourceTree = "<group>"; };
		540267481F2537E9005967DE /* MyCollectionViewCellWithText.xib */ = {isa = PBXFileReference; fileEncoding = 4; lastKnownFileType = file.xib; path = MyCollectionViewCellWithText.xib; sourceTree = "<group>"; };
		5402674C1F2544FF005967DE /* textLayout.h */ = {isa = PBXFileReference; fileEncoding = 4; lastKnownFileType = sourcecode.c.h; path = textLayout.h; sourceTree = "<group>"; };
		5402674D1F2544FF005967DE /* textLayout.m */ = {isa = PBXFileReference; fileEncoding = 4; lastKnownFileType = sourcecode.c.objc; path = textLayout.m; sourceTree = "<group>"; };
		5402674F1F256A11005967DE /* addNewMessageVC.h */ = {isa = PBXFileReference; fileEncoding = 4; lastKnownFileType = sourcecode.c.h; path = addNewMessageVC.h; sourceTree = "<group>"; };
		540267501F256A11005967DE /* addNewMessageVC.m */ = {isa = PBXFileReference; fileEncoding = 4; lastKnownFileType = sourcecode.c.objc; path = addNewMessageVC.m; sourceTree = "<group>"; };
		540267521F256A78005967DE /* addNewMessage.storyboard */ = {isa = PBXFileReference; fileEncoding = 4; lastKnownFileType = file.storyboard; path = addNewMessage.storyboard; sourceTree = "<group>"; };
		5402675A1F26BCD1005967DE /* messageBG.png */ = {isa = PBXFileReference; lastKnownFileType = image.png; path = messageBG.png; sourceTree = "<group>"; };
		540829701F2F2D8800109930 /* JLNavigationViewController.h */ = {isa = PBXFileReference; fileEncoding = 4; lastKnownFileType = sourcecode.c.h; path = JLNavigationViewController.h; sourceTree = "<group>"; };
		540829711F2F2D8800109930 /* JLNavigationViewController.m */ = {isa = PBXFileReference; fileEncoding = 4; lastKnownFileType = sourcecode.c.objc; path = JLNavigationViewController.m; sourceTree = "<group>"; };
		5422336D1F26E7CD000933BD /* ThisBabyData.h */ = {isa = PBXFileReference; fileEncoding = 4; lastKnownFileType = sourcecode.c.h; path = ThisBabyData.h; sourceTree = "<group>"; };
		5422336E1F26E7CD000933BD /* ThisBabyData.m */ = {isa = PBXFileReference; fileEncoding = 4; lastKnownFileType = sourcecode.c.objc; path = ThisBabyData.m; sourceTree = "<group>"; };
		542233701F2738E8000933BD /* MyCommunicator.h */ = {isa = PBXFileReference; fileEncoding = 4; lastKnownFileType = sourcecode.c.h; path = MyCommunicator.h; sourceTree = "<group>"; };
		542233711F2738E8000933BD /* MyCommunicator.m */ = {isa = PBXFileReference; fileEncoding = 4; lastKnownFileType = sourcecode.c.objc; path = MyCommunicator.m; sourceTree = "<group>"; };
		5428BD721F160494003361AC /* Base */ = {isa = PBXFileReference; lastKnownFileType = file.storyboard; name = Base; path = Base.lproj/loginPage.storyboard; sourceTree = "<group>"; };
		54296C9B1F3069BA000C06C4 /* MyCollectionViewCellWithImage1.h */ = {isa = PBXFileReference; fileEncoding = 4; lastKnownFileType = sourcecode.c.h; path = MyCollectionViewCellWithImage1.h; sourceTree = "<group>"; };
		54296C9C1F3069BA000C06C4 /* MyCollectionViewCellWithImage1.m */ = {isa = PBXFileReference; fileEncoding = 4; lastKnownFileType = sourcecode.c.objc; path = MyCollectionViewCellWithImage1.m; sourceTree = "<group>"; };
		54296C9D1F3069BA000C06C4 /* MyCollectionViewCellWithImage1.xib */ = {isa = PBXFileReference; fileEncoding = 4; lastKnownFileType = file.xib; path = MyCollectionViewCellWithImage1.xib; sourceTree = "<group>"; };
		54296CA01F36B1C9000C06C4 /* PostItem.h */ = {isa = PBXFileReference; fileEncoding = 4; lastKnownFileType = sourcecode.c.h; path = PostItem.h; sourceTree = "<group>"; };
		54296CA11F36B1C9000C06C4 /* PostItem.m */ = {isa = PBXFileReference; fileEncoding = 4; lastKnownFileType = sourcecode.c.objc; path = PostItem.m; sourceTree = "<group>"; };
		542ABDF61F13793500F5F161 /* TheTimeAlbum.app */ = {isa = PBXFileReference; explicitFileType = wrapper.application; includeInIndex = 0; path = TheTimeAlbum.app; sourceTree = BUILT_PRODUCTS_DIR; };
		542ABDFA1F13793500F5F161 /* main.m */ = {isa = PBXFileReference; lastKnownFileType = sourcecode.c.objc; path = main.m; sourceTree = "<group>"; };
		542ABDFC1F13793500F5F161 /* AppDelegate.h */ = {isa = PBXFileReference; lastKnownFileType = sourcecode.c.h; path = AppDelegate.h; sourceTree = "<group>"; };
		542ABDFD1F13793500F5F161 /* AppDelegate.m */ = {isa = PBXFileReference; lastKnownFileType = sourcecode.c.objc; path = AppDelegate.m; sourceTree = "<group>"; };
		542ABDFF1F13793500F5F161 /* ViewController.h */ = {isa = PBXFileReference; lastKnownFileType = sourcecode.c.h; path = ViewController.h; sourceTree = "<group>"; };
		542ABE001F13793500F5F161 /* ViewController.m */ = {isa = PBXFileReference; lastKnownFileType = sourcecode.c.objc; path = ViewController.m; sourceTree = "<group>"; };
		542ABE031F13793500F5F161 /* Base */ = {isa = PBXFileReference; lastKnownFileType = file.storyboard; name = Base; path = Base.lproj/Main.storyboard; sourceTree = "<group>"; };
		542ABE051F13793500F5F161 /* Assets.xcassets */ = {isa = PBXFileReference; lastKnownFileType = folder.assetcatalog; path = Assets.xcassets; sourceTree = "<group>"; };
		542ABE081F13793500F5F161 /* Base */ = {isa = PBXFileReference; lastKnownFileType = file.storyboard; name = Base; path = Base.lproj/LaunchScreen.storyboard; sourceTree = "<group>"; };
		542ABE0A1F13793500F5F161 /* Info.plist */ = {isa = PBXFileReference; lastKnownFileType = text.plist.xml; path = Info.plist; sourceTree = "<group>"; };
		5452CC861F1C7A54008F5C25 /* loginViewController.h */ = {isa = PBXFileReference; fileEncoding = 4; lastKnownFileType = sourcecode.c.h; path = loginViewController.h; sourceTree = "<group>"; };
		5452CC871F1C7A54008F5C25 /* loginViewController.m */ = {isa = PBXFileReference; fileEncoding = 4; lastKnownFileType = sourcecode.c.objc; path = loginViewController.m; sourceTree = "<group>"; };
		5452CC891F1C9AC2008F5C25 /* MyAccountData.h */ = {isa = PBXFileReference; fileEncoding = 4; lastKnownFileType = sourcecode.c.h; path = MyAccountData.h; sourceTree = "<group>"; };
		5452CC8A1F1C9AC2008F5C25 /* MyAccountData.m */ = {isa = PBXFileReference; fileEncoding = 4; lastKnownFileType = sourcecode.c.objc; path = MyAccountData.m; sourceTree = "<group>"; };
		5452CC8E1F1D41AE008F5C25 /* GoogleService-Info.plist */ = {isa = PBXFileReference; fileEncoding = 4; lastKnownFileType = text.plist.xml; path = "GoogleService-Info.plist"; sourceTree = "<group>"; };
		5452CC901F1D8D43008F5C25 /* TheTimeAlbum.entitlements */ = {isa = PBXFileReference; lastKnownFileType = text.plist.entitlements; path = TheTimeAlbum.entitlements; sourceTree = "<group>"; };
		54A82D3E1F37B31A0032996D /* head@2x.png */ = {isa = PBXFileReference; lastKnownFileType = image.png; path = "head@2x.png"; sourceTree = "<group>"; };
		54A82D3F1F37B31A0032996D /* head@3x.png */ = {isa = PBXFileReference; lastKnownFileType = image.png; path = "head@3x.png"; sourceTree = "<group>"; };
		54A82D421F37BABA0032996D /* achievementItem.h */ = {isa = PBXFileReference; fileEncoding = 4; lastKnownFileType = sourcecode.c.h; path = achievementItem.h; sourceTree = "<group>"; };
		54A82D431F37BABA0032996D /* achievementItem.m */ = {isa = PBXFileReference; fileEncoding = 4; lastKnownFileType = sourcecode.c.objc; path = achievementItem.m; sourceTree = "<group>"; };
		54A82D451F37C91E0032996D /* AchievementTableViewCell.h */ = {isa = PBXFileReference; fileEncoding = 4; lastKnownFileType = sourcecode.c.h; path = AchievementTableViewCell.h; sourceTree = "<group>"; };
		54A82D461F37C91E0032996D /* AchievementTableViewCell.m */ = {isa = PBXFileReference; fileEncoding = 4; lastKnownFileType = sourcecode.c.objc; path = AchievementTableViewCell.m; sourceTree = "<group>"; };
		54A82D471F37C91E0032996D /* AchievementTableViewCell.xib */ = {isa = PBXFileReference; fileEncoding = 4; lastKnownFileType = file.xib; path = AchievementTableViewCell.xib; sourceTree = "<group>"; };
		54A82D4A1F37CE510032996D /* cup01.jpg */ = {isa = PBXFileReference; lastKnownFileType = image.jpeg; path = cup01.jpg; sourceTree = "<group>"; };
		54A82D4C1F37E2150032996D /* EditTextPost.storyboard */ = {isa = PBXFileReference; fileEncoding = 4; lastKnownFileType = file.storyboard; path = EditTextPost.storyboard; sourceTree = "<group>"; };
		54A82D4E1F37E25D0032996D /* EditTextPostViewController.h */ = {isa = PBXFileReference; fileEncoding = 4; lastKnownFileType = sourcecode.c.h; path = EditTextPostViewController.h; sourceTree = "<group>"; };
		54A82D4F1F37E25D0032996D /* EditTextPostViewController.m */ = {isa = PBXFileReference; fileEncoding = 4; lastKnownFileType = sourcecode.c.objc; path = EditTextPostViewController.m; sourceTree = "<group>"; };
		7E254EE1580F00C9AF996E45 /* Pods-TheTimeAlbum.debug.xcconfig */ = {isa = PBXFileReference; includeInIndex = 1; lastKnownFileType = text.xcconfig; name = "Pods-TheTimeAlbum.debug.xcconfig"; path = "Pods/Target Support Files/Pods-TheTimeAlbum/Pods-TheTimeAlbum.debug.xcconfig"; sourceTree = "<group>"; };
		CF0B77891F1859DC0067229D /* Fox.jpg */ = {isa = PBXFileReference; lastKnownFileType = image.jpeg; path = Fox.jpg; sourceTree = "<group>"; };
		CF0B782B1F1C88150067229D /* SliderMenuViewLeft.h */ = {isa = PBXFileReference; fileEncoding = 4; lastKnownFileType = sourcecode.c.h; name = SliderMenuViewLeft.h; path = TheTimeAlbum/SliderMenuViewLeft.h; sourceTree = "<group>"; };
		CF0B782C1F1C88150067229D /* SliderMenuViewLeft.m */ = {isa = PBXFileReference; fileEncoding = 4; lastKnownFileType = sourcecode.c.objc; name = SliderMenuViewLeft.m; path = TheTimeAlbum/SliderMenuViewLeft.m; sourceTree = "<group>"; };
		CF0B78301F1C94CA0067229D /* icon_menu20x20.png */ = {isa = PBXFileReference; lastKnownFileType = image.png; path = icon_menu20x20.png; sourceTree = "<group>"; };
		CF0B78341F1C9DB60067229D /* icon_message48x48.png */ = {isa = PBXFileReference; lastKnownFileType = image.png; path = icon_message48x48.png; sourceTree = "<group>"; };
		CF0B78391F1D9CDF0067229D /* SliderMenuViewRight.h */ = {isa = PBXFileReference; fileEncoding = 4; lastKnownFileType = sourcecode.c.h; name = SliderMenuViewRight.h; path = TheTimeAlbum/SliderMenuViewRight.h; sourceTree = "<group>"; };
		CF0B783A1F1D9CDF0067229D /* SliderMenuViewRight.m */ = {isa = PBXFileReference; fileEncoding = 4; lastKnownFileType = sourcecode.c.objc; name = SliderMenuViewRight.m; path = TheTimeAlbum/SliderMenuViewRight.m; sourceTree = "<group>"; };
		CF0B783D1F1DACE50067229D /* Base */ = {isa = PBXFileReference; lastKnownFileType = file.storyboard; name = Base; path = Base.lproj/aboutme.storyboard; sourceTree = "<group>"; };
		CF0B783F1F1DAD5B0067229D /* futureMail.storyboard */ = {isa = PBXFileReference; fileEncoding = 4; lastKnownFileType = file.storyboard; path = futureMail.storyboard; sourceTree = "<group>"; };
		CF0B78421F1DAD780067229D /* Base */ = {isa = PBXFileReference; lastKnownFileType = file.storyboard; name = Base; path = Base.lproj/achievement.storyboard; sourceTree = "<group>"; };
		CF0B78461F1DB2C20067229D /* AboutMeViewcontroller.h */ = {isa = PBXFileReference; fileEncoding = 4; lastKnownFileType = sourcecode.c.h; name = AboutMeViewcontroller.h; path = TheTimeAlbum/AboutMeViewcontroller.h; sourceTree = "<group>"; };
		CF0B78471F1DB2C20067229D /* AboutMeViewcontroller.m */ = {isa = PBXFileReference; fileEncoding = 4; lastKnownFileType = sourcecode.c.objc; name = AboutMeViewcontroller.m; path = TheTimeAlbum/AboutMeViewcontroller.m; sourceTree = "<group>"; };
		CF0B78491F1DBAF60067229D /* AboutMeViewcontrollerCell.h */ = {isa = PBXFileReference; fileEncoding = 4; lastKnownFileType = sourcecode.c.h; name = AboutMeViewcontrollerCell.h; path = TheTimeAlbum/AboutMeViewcontrollerCell.h; sourceTree = "<group>"; };
		CF0B784A1F1DBAF60067229D /* AboutMeViewcontrollerCell.m */ = {isa = PBXFileReference; fileEncoding = 4; lastKnownFileType = sourcecode.c.objc; name = AboutMeViewcontrollerCell.m; path = TheTimeAlbum/AboutMeViewcontrollerCell.m; sourceTree = "<group>"; };
		CF0B78511F1DE2990067229D /* 成就75x75@2x.png */ = {isa = PBXFileReference; lastKnownFileType = image.png; path = "成就75x75@2x.png"; sourceTree = "<group>"; };
		CF0B78551F1DE40D0067229D /* 相簿75x75@2x.png */ = {isa = PBXFileReference; lastKnownFileType = image.png; path = "相簿75x75@2x.png"; sourceTree = "<group>"; };
		CF0B78571F1DE4DA0067229D /* 信箱75x75@2x.png */ = {isa = PBXFileReference; lastKnownFileType = image.png; path = "信箱75x75@2x.png"; sourceTree = "<group>"; };
		CF0B78591F1DE8040067229D /* 我75x75@2x.png */ = {isa = PBXFileReference; lastKnownFileType = image.png; path = "我75x75@2x.png"; sourceTree = "<group>"; };
		CF0B785B1F1DE8F80067229D /* icon_menu20x20@2x.png */ = {isa = PBXFileReference; lastKnownFileType = image.png; path = "icon_menu20x20@2x.png"; sourceTree = "<group>"; };
		CF0B785D1F1DE9A70067229D /* 清單75x75@2x.png */ = {isa = PBXFileReference; lastKnownFileType = image.png; path = "清單75x75@2x.png"; sourceTree = "<group>"; };
		CF0B785F1F1DEA380067229D /* 清單48x48@2x.png */ = {isa = PBXFileReference; lastKnownFileType = image.png; path = "清單48x48@2x.png"; sourceTree = "<group>"; };
		CF0B78611F1DEBB70067229D /* 清單30x30@2x.png */ = {isa = PBXFileReference; lastKnownFileType = image.png; path = "清單30x30@2x.png"; sourceTree = "<group>"; };
		CF0B78641F1E3D290067229D /* AddChildSettingViewController.h */ = {isa = PBXFileReference; fileEncoding = 4; lastKnownFileType = sourcecode.c.h; path = AddChildSettingViewController.h; sourceTree = "<group>"; };
		CF0B78651F1E3D290067229D /* AddChildSettingViewController.m */ = {isa = PBXFileReference; fileEncoding = 4; lastKnownFileType = sourcecode.c.objc; path = AddChildSettingViewController.m; sourceTree = "<group>"; };
		CF1395871F2F533500D3C0FD /* Arrow38x38@2x.png */ = {isa = PBXFileReference; lastKnownFileType = image.png; path = "Arrow38x38@2x.png"; sourceTree = "<group>"; };
		CF13958D1F2F6F7600D3C0FD /* Camera65x65@2x.png */ = {isa = PBXFileReference; lastKnownFileType = image.png; path = "Camera65x65@2x.png"; sourceTree = "<group>"; };
		CF13958F1F2F700F00D3C0FD /* Video75x50@2x.png */ = {isa = PBXFileReference; lastKnownFileType = image.png; path = "Video75x50@2x.png"; sourceTree = "<group>"; };
		CF1395911F30300700D3C0FD /* Camera200x200@2x.png */ = {isa = PBXFileReference; lastKnownFileType = image.png; path = "Camera200x200@2x.png"; sourceTree = "<group>"; };
		CF1395931F3030DC00D3C0FD /* Camera150x150@2x.png */ = {isa = PBXFileReference; lastKnownFileType = image.png; path = "Camera150x150@2x.png"; sourceTree = "<group>"; };
		CF1B653F1F39645A00673520 /* TabBarController.h */ = {isa = PBXFileReference; fileEncoding = 4; lastKnownFileType = sourcecode.c.h; path = TabBarController.h; sourceTree = "<group>"; };
		CF1B65401F39645A00673520 /* TabBarController.m */ = {isa = PBXFileReference; fileEncoding = 4; lastKnownFileType = sourcecode.c.objc; path = TabBarController.m; sourceTree = "<group>"; };
		CF1B65421F3A321E00673520 /* ColorTabBarView.h */ = {isa = PBXFileReference; fileEncoding = 4; lastKnownFileType = sourcecode.c.h; path = ColorTabBarView.h; sourceTree = "<group>"; };
		CF1B65431F3A321E00673520 /* ColorTabBarView.m */ = {isa = PBXFileReference; fileEncoding = 4; lastKnownFileType = sourcecode.c.objc; path = ColorTabBarView.m; sourceTree = "<group>"; };
		CF1B65481F3C0CEF00673520 /* SliderMenuLeftTableViewCell.h */ = {isa = PBXFileReference; fileEncoding = 4; lastKnownFileType = sourcecode.c.h; path = SliderMenuLeftTableViewCell.h; sourceTree = "<group>"; };
		CF1B65491F3C0CEF00673520 /* SliderMenuLeftTableViewCell.m */ = {isa = PBXFileReference; fileEncoding = 4; lastKnownFileType = sourcecode.c.objc; path = SliderMenuLeftTableViewCell.m; sourceTree = "<group>"; };
		CF2641041F4351BF005EBFBC /* background1@2x.jpg */ = {isa = PBXFileReference; lastKnownFileType = image.jpeg; path = "background1@2x.jpg"; sourceTree = "<group>"; };
		CF2641051F4351BF005EBFBC /* background2@2x.jpg */ = {isa = PBXFileReference; lastKnownFileType = image.jpeg; path = "background2@2x.jpg"; sourceTree = "<group>"; };
		CF2641061F4351BF005EBFBC /* background3@2x.jpg */ = {isa = PBXFileReference; lastKnownFileType = image.jpeg; path = "background3@2x.jpg"; sourceTree = "<group>"; };
		CF2641071F4351BF005EBFBC /* background4@2x.jpg */ = {isa = PBXFileReference; lastKnownFileType = image.jpeg; path = "background4@2x.jpg"; sourceTree = "<group>"; };
		CF2641081F4351BF005EBFBC /* background5@2x.jpg */ = {isa = PBXFileReference; lastKnownFileType = image.jpeg; path = "background5@2x.jpg"; sourceTree = "<group>"; };
		CF5A8D2A1F2DEAF800E0FEA6 /* AchievementViewController.h */ = {isa = PBXFileReference; fileEncoding = 4; lastKnownFileType = sourcecode.c.h; path = AchievementViewController.h; sourceTree = "<group>"; };
		CF5A8D2B1F2DEAF800E0FEA6 /* AchievementViewController.m */ = {isa = PBXFileReference; fileEncoding = 4; lastKnownFileType = sourcecode.c.objc; path = AchievementViewController.m; sourceTree = "<group>"; };
		CF5A8D301F2EF7C400E0FEA6 /* WriteMailViewController.h */ = {isa = PBXFileReference; fileEncoding = 4; lastKnownFileType = sourcecode.c.h; path = WriteMailViewController.h; sourceTree = "<group>"; };
		CF5A8D311F2EF7C400E0FEA6 /* WriteMailViewController.m */ = {isa = PBXFileReference; fileEncoding = 4; lastKnownFileType = sourcecode.c.objc; path = WriteMailViewController.m; sourceTree = "<group>"; };
		CF6150761F3075B50090433A /* MyTextAttachment.h */ = {isa = PBXFileReference; fileEncoding = 4; lastKnownFileType = sourcecode.c.h; path = MyTextAttachment.h; sourceTree = "<group>"; };
		CF6150771F3075B50090433A /* MyTextAttachment.m */ = {isa = PBXFileReference; fileEncoding = 4; lastKnownFileType = sourcecode.c.objc; path = MyTextAttachment.m; sourceTree = "<group>"; };
		CF783CF31F35DB7F0083948D /* SelectedRow.h */ = {isa = PBXFileReference; fileEncoding = 4; lastKnownFileType = sourcecode.c.h; path = SelectedRow.h; sourceTree = "<group>"; };
		CF783CF41F35DB7F0083948D /* SelectedRow.m */ = {isa = PBXFileReference; fileEncoding = 4; lastKnownFileType = sourcecode.c.objc; path = SelectedRow.m; sourceTree = "<group>"; };
		CFB3FAD91F40AB6A00DF842C /* WriteMailImage@2x.png */ = {isa = PBXFileReference; lastKnownFileType = image.png; path = "WriteMailImage@2x.png"; sourceTree = "<group>"; };
		CFB3FADB1F40AE0000DF842C /* WriteMailImage50x50@2x.png */ = {isa = PBXFileReference; lastKnownFileType = image.png; path = "WriteMailImage50x50@2x.png"; sourceTree = "<group>"; };
		CFB3FADD1F40AF0D00DF842C /* WriteMailImage100x100@2x.png */ = {isa = PBXFileReference; lastKnownFileType = image.png; path = "WriteMailImage100x100@2x.png"; sourceTree = "<group>"; };
		CFB3FADF1F40AF8600DF842C /* WriteMailImage75x75@2x.png */ = {isa = PBXFileReference; lastKnownFileType = image.png; path = "WriteMailImage75x75@2x.png"; sourceTree = "<group>"; };
		CFC6DB601F2ACF8600669187 /* FutureMailViewController.h */ = {isa = PBXFileReference; fileEncoding = 4; lastKnownFileType = sourcecode.c.h; path = FutureMailViewController.h; sourceTree = "<group>"; };
		CFC6DB611F2ACF8600669187 /* FutureMailViewController.m */ = {isa = PBXFileReference; fileEncoding = 4; lastKnownFileType = sourcecode.c.objc; path = FutureMailViewController.m; sourceTree = "<group>"; };
		CFC6DB661F2AFB9000669187 /* Man@2x.png */ = {isa = PBXFileReference; lastKnownFileType = image.png; path = "Man@2x.png"; sourceTree = "<group>"; };
		CFC6DB681F2B01DC00669187 /* FutureMaliViewControllerCellTableViewCell.h */ = {isa = PBXFileReference; fileEncoding = 4; lastKnownFileType = sourcecode.c.h; path = FutureMaliViewControllerCellTableViewCell.h; sourceTree = "<group>"; };
		CFC6DB691F2B01DC00669187 /* FutureMaliViewControllerCellTableViewCell.m */ = {isa = PBXFileReference; fileEncoding = 4; lastKnownFileType = sourcecode.c.objc; path = FutureMaliViewControllerCellTableViewCell.m; sourceTree = "<group>"; };
		CFC6DB6B1F2B1BCF00669187 /* BeautyView@2x.jpg */ = {isa = PBXFileReference; lastKnownFileType = image.jpeg; path = "BeautyView@2x.jpg"; sourceTree = "<group>"; };
		CFF3A0411F31C6A20065841F /* Postcard@2x.jpg */ = {isa = PBXFileReference; lastKnownFileType = image.jpeg; path = "Postcard@2x.jpg"; sourceTree = "<group>"; };
		CFF3A0431F32F5140065841F /* PostCardVer2@2x.png */ = {isa = PBXFileReference; lastKnownFileType = image.png; path = "PostCardVer2@2x.png"; sourceTree = "<group>"; };
		CFF3A0451F32FB240065841F /* PostCardVer3@2x.png */ = {isa = PBXFileReference; lastKnownFileType = image.png; path = "PostCardVer3@2x.png"; sourceTree = "<group>"; };
		CFF3A0511F3310730065841F /* PostCardVer4@2x.png */ = {isa = PBXFileReference; lastKnownFileType = image.png; path = "PostCardVer4@2x.png"; sourceTree = "<group>"; };
		CFFFC78C1F24CADD0097284F /* Male30x30@2x.png */ = {isa = PBXFileReference; lastKnownFileType = image.png; path = "Male30x30@2x.png"; sourceTree = "<group>"; };
		CFFFC78E1F24CBFA0097284F /* Female30x30@2x.png */ = {isa = PBXFileReference; lastKnownFileType = image.png; path = "Female30x30@2x.png"; sourceTree = "<group>"; };
		CFFFC7901F24D10C0097284F /* Female38x38@2x.png */ = {isa = PBXFileReference; lastKnownFileType = image.png; path = "Female38x38@2x.png"; sourceTree = "<group>"; };
		CFFFC7921F24D1A00097284F /* Female34x34@2x.png */ = {isa = PBXFileReference; lastKnownFileType = image.png; path = "Female34x34@2x.png"; sourceTree = "<group>"; };
		CFFFC7941F24DF630097284F /* Another30x30@2x.png */ = {isa = PBXFileReference; lastKnownFileType = image.png; path = "Another30x30@2x.png"; sourceTree = "<group>"; };
		CFFFC7961F24DFE30097284F /* Another48x48@2x.png */ = {isa = PBXFileReference; lastKnownFileType = image.png; path = "Another48x48@2x.png"; sourceTree = "<group>"; };
		CFFFC7981F24E1110097284F /* Another32x38@2x.png */ = {isa = PBXFileReference; lastKnownFileType = image.png; path = "Another32x38@2x.png"; sourceTree = "<group>"; };
		CFFFC79A1F25823A0097284F /* BigStickerSettingViewController.h */ = {isa = PBXFileReference; fileEncoding = 4; lastKnownFileType = sourcecode.c.h; path = BigStickerSettingViewController.h; sourceTree = "<group>"; };
		CFFFC79B1F25823A0097284F /* BigStickerSettingViewController.m */ = {isa = PBXFileReference; fileEncoding = 4; lastKnownFileType = sourcecode.c.objc; path = BigStickerSettingViewController.m; sourceTree = "<group>"; };
		CFFFC79E1F258B260097284F /* Photos.framework */ = {isa = PBXFileReference; lastKnownFileType = wrapper.framework; name = Photos.framework; path = System/Library/Frameworks/Photos.framework; sourceTree = SDKROOT; };
		CFFFC7A01F259C690097284F /* BabyUser100x100@2x.png */ = {isa = PBXFileReference; lastKnownFileType = image.png; path = "BabyUser100x100@2x.png"; sourceTree = "<group>"; };
		CFFFC7A21F259D430097284F /* BabyUser@2x.png */ = {isa = PBXFileReference; lastKnownFileType = image.png; path = "BabyUser@2x.png"; sourceTree = "<group>"; };
		D647CFAB8CB5EAA3F2237E57 /* libPods-TheTimeAlbum.a */ = {isa = PBXFileReference; explicitFileType = archive.ar; includeInIndex = 0; path = "libPods-TheTimeAlbum.a"; sourceTree = BUILT_PRODUCTS_DIR; };
/* End PBXFileReference section */

/* Begin PBXFrameworksBuildPhase section */
		542ABDF31F13793500F5F161 /* Frameworks */ = {
			isa = PBXFrameworksBuildPhase;
			buildActionMask = 2147483647;
			files = (
				FDB0C1AA2AA8BC3040667FBD /* libPods-TheTimeAlbum.a in Frameworks */,
				CFFFC79F1F258B260097284F /* Photos.framework in Frameworks */,
			);
			runOnlyForDeploymentPostprocessing = 0;
		};
/* End PBXFrameworksBuildPhase section */

/* Begin PBXGroup section */
		31B98EB2FB896C8A631BF7E7 /* Frameworks */ = {
			isa = PBXGroup;
			children = (
				D647CFAB8CB5EAA3F2237E57 /* libPods-TheTimeAlbum.a */,
			);
			name = Frameworks;
			sourceTree = "<group>";
		};
		5402674B1F25380A005967DE /* mainTimeLine */ = {
			isa = PBXGroup;
			children = (
				540267541F25D481005967DE /* M */,
				540267551F25D48A005967DE /* V */,
				540267561F25D48E005967DE /* C */,
			);
			name = mainTimeLine;
			sourceTree = "<group>";
		};
		540267541F25D481005967DE /* M */ = {
			isa = PBXGroup;
			children = (
				540267401F24A3DE005967DE /* HeadView.h */,
				540267411F24A3DE005967DE /* HeadView.m */,
				54296CA01F36B1C9000C06C4 /* PostItem.h */,
				54296CA11F36B1C9000C06C4 /* PostItem.m */,
			);
			name = M;
			sourceTree = "<group>";
		};
		540267551F25D48A005967DE /* V */ = {
			isa = PBXGroup;
			children = (
				5402674C1F2544FF005967DE /* textLayout.h */,
				5402674D1F2544FF005967DE /* textLayout.m */,
				540267461F2537E9005967DE /* MyCollectionViewCellWithText.h */,
				540267471F2537E9005967DE /* MyCollectionViewCellWithText.m */,
				540267481F2537E9005967DE /* MyCollectionViewCellWithText.xib */,
				54296C9B1F3069BA000C06C4 /* MyCollectionViewCellWithImage1.h */,
				54296C9C1F3069BA000C06C4 /* MyCollectionViewCellWithImage1.m */,
				54296C9D1F3069BA000C06C4 /* MyCollectionViewCellWithImage1.xib */,
				540267521F256A78005967DE /* addNewMessage.storyboard */,
				54A82D4C1F37E2150032996D /* EditTextPost.storyboard */,
			);
			name = V;
			sourceTree = "<group>";
		};
		540267561F25D48E005967DE /* C */ = {
			isa = PBXGroup;
			children = (
				5402673D1F24A3A6005967DE /* timeLineVC.h */,
				5402673E1F24A3A6005967DE /* timeLineVC.m */,
				540829701F2F2D8800109930 /* JLNavigationViewController.h */,
				540829711F2F2D8800109930 /* JLNavigationViewController.m */,
				5402674F1F256A11005967DE /* addNewMessageVC.h */,
				540267501F256A11005967DE /* addNewMessageVC.m */,
				54A82D4E1F37E25D0032996D /* EditTextPostViewController.h */,
				54A82D4F1F37E25D0032996D /* EditTextPostViewController.m */,
			);
			name = C;
			sourceTree = "<group>";
		};
		540267571F25D4E4005967DE /* Common Model */ = {
			isa = PBXGroup;
			children = (
				CF0B78631F1E3B7A0067229D /* SliderMenuViewLeft */,
				CF7DA4D41F1F86B500E282C9 /* SliderMenuViewRight */,
				5452CC891F1C9AC2008F5C25 /* MyAccountData.h */,
				5452CC8A1F1C9AC2008F5C25 /* MyAccountData.m */,
				5422336D1F26E7CD000933BD /* ThisBabyData.h */,
				5422336E1F26E7CD000933BD /* ThisBabyData.m */,
				542233701F2738E8000933BD /* MyCommunicator.h */,
				542233711F2738E8000933BD /* MyCommunicator.m */,
			);
			name = "Common Model";
			sourceTree = "<group>";
		};
		540267581F25D800005967DE /* AddChild+BigStrckerViewController */ = {
			isa = PBXGroup;
			children = (
				CF0B78641F1E3D290067229D /* AddChildSettingViewController.h */,
				CF0B78651F1E3D290067229D /* AddChildSettingViewController.m */,
				CFFFC79A1F25823A0097284F /* BigStickerSettingViewController.h */,
				CFFFC79B1F25823A0097284F /* BigStickerSettingViewController.m */,
			);
			name = "AddChild+BigStrckerViewController";
			sourceTree = "<group>";
		};
		540267591F25D94C005967DE /* Pictures */ = {
			isa = PBXGroup;
			children = (
				CFB3FAD91F40AB6A00DF842C /* WriteMailImage@2x.png */,
				CFB3FADB1F40AE0000DF842C /* WriteMailImage50x50@2x.png */,
				CFB3FADF1F40AF8600DF842C /* WriteMailImage75x75@2x.png */,
				CFB3FADD1F40AF0D00DF842C /* WriteMailImage100x100@2x.png */,
				54A82D4A1F37CE510032996D /* cup01.jpg */,
				54A82D3E1F37B31A0032996D /* head@2x.png */,
				54A82D3F1F37B31A0032996D /* head@3x.png */,
				CFC6DB6B1F2B1BCF00669187 /* BeautyView@2x.jpg */,
				CF0B77891F1859DC0067229D /* Fox.jpg */,
				540267441F24A652005967DE /* c.png */,
				CFC6DB661F2AFB9000669187 /* Man@2x.png */,
				CF0B78591F1DE8040067229D /* 我75x75@2x.png */,
				CF0B78571F1DE4DA0067229D /* 信箱75x75@2x.png */,
				CF0B78511F1DE2990067229D /* 成就75x75@2x.png */,
				CF0B78551F1DE40D0067229D /* 相簿75x75@2x.png */,
				CF0B78611F1DEBB70067229D /* 清單30x30@2x.png */,
				CF0B785F1F1DEA380067229D /* 清單48x48@2x.png */,
				CF0B785D1F1DE9A70067229D /* 清單75x75@2x.png */,
				CF0B78301F1C94CA0067229D /* icon_menu20x20.png */,
				CF0B785B1F1DE8F80067229D /* icon_menu20x20@2x.png */,
				CF0B78341F1C9DB60067229D /* icon_message48x48.png */,
				CFFFC78C1F24CADD0097284F /* Male30x30@2x.png */,
				CFFFC78E1F24CBFA0097284F /* Female30x30@2x.png */,
				CFFFC7921F24D1A00097284F /* Female34x34@2x.png */,
				CFFFC7901F24D10C0097284F /* Female38x38@2x.png */,
				CFFFC7941F24DF630097284F /* Another30x30@2x.png */,
				CFFFC7961F24DFE30097284F /* Another48x48@2x.png */,
				CFFFC7981F24E1110097284F /* Another32x38@2x.png */,
				CF13958F1F2F700F00D3C0FD /* Video75x50@2x.png */,
				CFFFC7A21F259D430097284F /* BabyUser@2x.png */,
				CFFFC7A01F259C690097284F /* BabyUser100x100@2x.png */,
				CF1395871F2F533500D3C0FD /* Arrow38x38@2x.png */,
				CF13958D1F2F6F7600D3C0FD /* Camera65x65@2x.png */,
				CF1395931F3030DC00D3C0FD /* Camera150x150@2x.png */,
				CF1395911F30300700D3C0FD /* Camera200x200@2x.png */,
				CFF3A0411F31C6A20065841F /* Postcard@2x.jpg */,
				CFF3A0431F32F5140065841F /* PostCardVer2@2x.png */,
				CFF3A0451F32FB240065841F /* PostCardVer3@2x.png */,
				CFF3A0511F3310730065841F /* PostCardVer4@2x.png */,
				CF2641041F4351BF005EBFBC /* background1@2x.jpg */,
				CF2641051F4351BF005EBFBC /* background2@2x.jpg */,
				CF2641061F4351BF005EBFBC /* background3@2x.jpg */,
				CF2641071F4351BF005EBFBC /* background4@2x.jpg */,
				CF2641081F4351BF005EBFBC /* background5@2x.jpg */,
			);
			name = Pictures;
			sourceTree = "<group>";
		};
		54296CA31F378911000C06C4 /* AchievementPage */ = {
			isa = PBXGroup;
			children = (
				CF0B78411F1DAD780067229D /* achievement.storyboard */,
				CF5A8D2A1F2DEAF800E0FEA6 /* AchievementViewController.h */,
				CF5A8D2B1F2DEAF800E0FEA6 /* AchievementViewController.m */,
				54A82D451F37C91E0032996D /* AchievementTableViewCell.h */,
				54A82D461F37C91E0032996D /* AchievementTableViewCell.m */,
				54A82D471F37C91E0032996D /* AchievementTableViewCell.xib */,
				54A82D421F37BABA0032996D /* achievementItem.h */,
				54A82D431F37BABA0032996D /* achievementItem.m */,
			);
			name = AchievementPage;
			sourceTree = "<group>";
		};
		542ABDED1F13793500F5F161 = {
			isa = PBXGroup;
			children = (
				542ABDF81F13793500F5F161 /* TheTimeAlbum */,
				542ABDF71F13793500F5F161 /* Products */,
				AE09515D791297A1F890D49F /* Pods */,
				31B98EB2FB896C8A631BF7E7 /* Frameworks */,
			);
			sourceTree = "<group>";
		};
		542ABDF71F13793500F5F161 /* Products */ = {
			isa = PBXGroup;
			children = (
				542ABDF61F13793500F5F161 /* TheTimeAlbum.app */,
			);
			name = Products;
			sourceTree = "<group>";
		};
		542ABDF81F13793500F5F161 /* TheTimeAlbum */ = {
			isa = PBXGroup;
			children = (
				5452CC901F1D8D43008F5C25 /* TheTimeAlbum.entitlements */,
				542ABDFC1F13793500F5F161 /* AppDelegate.h */,
				542ABDFD1F13793500F5F161 /* AppDelegate.m */,
				542ABDFF1F13793500F5F161 /* ViewController.h */,
				542ABE001F13793500F5F161 /* ViewController.m */,
				542ABE021F13793500F5F161 /* Main.storyboard */,
				CF1B653F1F39645A00673520 /* TabBarController.h */,
				CF1B65401F39645A00673520 /* TabBarController.m */,
				CF1B65421F3A321E00673520 /* ColorTabBarView.h */,
				CF1B65431F3A321E00673520 /* ColorTabBarView.m */,
				5402674B1F25380A005967DE /* mainTimeLine */,
				5452CC931F1DE92C008F5C25 /* LoginViewController */,
				540267571F25D4E4005967DE /* Common Model */,
				CF0B784C1F1DD90C0067229D /* AboutMeViewController */,
				540267581F25D800005967DE /* AddChild+BigStrckerViewController */,
				CF5A8D331F2EFA4D00E0FEA6 /* FutureMailViewController */,
				542ABE051F13793500F5F161 /* Assets.xcassets */,
				542ABE071F13793500F5F161 /* LaunchScreen.storyboard */,
				542ABE0A1F13793500F5F161 /* Info.plist */,
				5452CC8E1F1D41AE008F5C25 /* GoogleService-Info.plist */,
				54296CA31F378911000C06C4 /* AchievementPage */,
				540267431F24A468005967DE /* myDefines.h */,
				5402675A1F26BCD1005967DE /* messageBG.png */,
				540267591F25D94C005967DE /* Pictures */,
				542ABDF91F13793500F5F161 /* Supporting Files */,
			);
			path = TheTimeAlbum;
			sourceTree = "<group>";
		};
		542ABDF91F13793500F5F161 /* Supporting Files */ = {
			isa = PBXGroup;
			children = (
				542ABDFA1F13793500F5F161 /* main.m */,
			);
			name = "Supporting Files";
			sourceTree = "<group>";
		};
		5452CC931F1DE92C008F5C25 /* LoginViewController */ = {
			isa = PBXGroup;
			children = (
				5452CC861F1C7A54008F5C25 /* loginViewController.h */,
				5452CC871F1C7A54008F5C25 /* loginViewController.m */,
				5428BD711F160494003361AC /* loginPage.storyboard */,
			);
			name = LoginViewController;
			sourceTree = "<group>";
		};
		AE09515D791297A1F890D49F /* Pods */ = {
			isa = PBXGroup;
			children = (
				7E254EE1580F00C9AF996E45 /* Pods-TheTimeAlbum.debug.xcconfig */,
				3A339EA35F197EDD566DEFB7 /* Pods-TheTimeAlbum.release.xcconfig */,
			);
			name = Pods;
			sourceTree = "<group>";
		};
		CF0B784C1F1DD90C0067229D /* AboutMeViewController */ = {
			isa = PBXGroup;
			children = (
				CF0B783C1F1DACE40067229D /* aboutme.storyboard */,
				CF0B78461F1DB2C20067229D /* AboutMeViewcontroller.h */,
				CF0B78471F1DB2C20067229D /* AboutMeViewcontroller.m */,
				CF0B78491F1DBAF60067229D /* AboutMeViewcontrollerCell.h */,
				CF0B784A1F1DBAF60067229D /* AboutMeViewcontrollerCell.m */,
			);
			name = AboutMeViewController;
			path = ..;
			sourceTree = "<group>";
		};
		CF0B78631F1E3B7A0067229D /* SliderMenuViewLeft */ = {
			isa = PBXGroup;
			children = (
				CF0B782B1F1C88150067229D /* SliderMenuViewLeft.h */,
				CF0B782C1F1C88150067229D /* SliderMenuViewLeft.m */,
				CF1B65481F3C0CEF00673520 /* SliderMenuLeftTableViewCell.h */,
				CF1B65491F3C0CEF00673520 /* SliderMenuLeftTableViewCell.m */,
			);
			name = SliderMenuViewLeft;
			path = ..;
			sourceTree = "<group>";
		};
		CF5A8D331F2EFA4D00E0FEA6 /* FutureMailViewController */ = {
			isa = PBXGroup;
			children = (
				CF0B783F1F1DAD5B0067229D /* futureMail.storyboard */,
				CFC6DB601F2ACF8600669187 /* FutureMailViewController.h */,
				CFC6DB611F2ACF8600669187 /* FutureMailViewController.m */,
				CF5A8D301F2EF7C400E0FEA6 /* WriteMailViewController.h */,
				CF5A8D311F2EF7C400E0FEA6 /* WriteMailViewController.m */,
				CF783CF31F35DB7F0083948D /* SelectedRow.h */,
				CF783CF41F35DB7F0083948D /* SelectedRow.m */,
				CF6150761F3075B50090433A /* MyTextAttachment.h */,
				CF6150771F3075B50090433A /* MyTextAttachment.m */,
				CFC6DB681F2B01DC00669187 /* FutureMaliViewControllerCellTableViewCell.h */,
				CFC6DB691F2B01DC00669187 /* FutureMaliViewControllerCellTableViewCell.m */,
			);
			name = FutureMailViewController;
			sourceTree = "<group>";
		};
		CF7DA4D41F1F86B500E282C9 /* SliderMenuViewRight */ = {
			isa = PBXGroup;
			children = (
				CF0B78391F1D9CDF0067229D /* SliderMenuViewRight.h */,
				CF0B783A1F1D9CDF0067229D /* SliderMenuViewRight.m */,
			);
			name = SliderMenuViewRight;
			path = ..;
			sourceTree = "<group>";
		};
/* End PBXGroup section */

/* Begin PBXNativeTarget section */
		542ABDF51F13793500F5F161 /* TheTimeAlbum */ = {
			isa = PBXNativeTarget;
			buildConfigurationList = 542ABE0D1F13793500F5F161 /* Build configuration list for PBXNativeTarget "TheTimeAlbum" */;
			buildPhases = (
				5C8B4C8C26221063DD1436E6 /* [CP] Check Pods Manifest.lock */,
				542ABDF21F13793500F5F161 /* Sources */,
				542ABDF31F13793500F5F161 /* Frameworks */,
				542ABDF41F13793500F5F161 /* Resources */,
				6376E70E5D8784FCFC0F18A0 /* [CP] Embed Pods Frameworks */,
				49D23553DBA2FE25CCF08FED /* [CP] Copy Pods Resources */,
			);
			buildRules = (
			);
			dependencies = (
			);
			name = TheTimeAlbum;
			productName = TheTimeAlbum;
			productReference = 542ABDF61F13793500F5F161 /* TheTimeAlbum.app */;
			productType = "com.apple.product-type.application";
		};
/* End PBXNativeTarget section */

/* Begin PBXProject section */
		542ABDEE1F13793500F5F161 /* Project object */ = {
			isa = PBXProject;
			attributes = {
				LastUpgradeCheck = 0830;
				ORGANIZATIONNAME = Greathard;
				TargetAttributes = {
					542ABDF51F13793500F5F161 = {
						CreatedOnToolsVersion = 8.3.3;
						DevelopmentTeam = KW677WP5HP;
						ProvisioningStyle = Automatic;
						SystemCapabilities = {
							com.apple.Keychain = {
								enabled = 0;
							};
						};
					};
				};
			};
			buildConfigurationList = 542ABDF11F13793500F5F161 /* Build configuration list for PBXProject "TheTimeAlbum" */;
			compatibilityVersion = "Xcode 3.2";
			developmentRegion = English;
			hasScannedForEncodings = 0;
			knownRegions = (
				en,
				Base,
			);
			mainGroup = 542ABDED1F13793500F5F161;
			productRefGroup = 542ABDF71F13793500F5F161 /* Products */;
			projectDirPath = "";
			projectRoot = "";
			targets = (
				542ABDF51F13793500F5F161 /* TheTimeAlbum */,
			);
		};
/* End PBXProject section */

/* Begin PBXResourcesBuildPhase section */
		542ABDF41F13793500F5F161 /* Resources */ = {
			isa = PBXResourcesBuildPhase;
			buildActionMask = 2147483647;
			files = (
				CFF3A0421F31C6A20065841F /* Postcard@2x.jpg in Resources */,
				CFFFC7951F24DF630097284F /* Another30x30@2x.png in Resources */,
				CF0B78581F1DE4DA0067229D /* 信箱75x75@2x.png in Resources */,
				CF0B78431F1DAD780067229D /* achievement.storyboard in Resources */,
				CFB3FAE01F40AF8600DF842C /* WriteMailImage75x75@2x.png in Resources */,
				CFC6DB671F2AFB9000669187 /* Man@2x.png in Resources */,
				54A82D4D1F37E2150032996D /* EditTextPost.storyboard in Resources */,
				CF1395941F3030DC00D3C0FD /* Camera150x150@2x.png in Resources */,
				CF0B78351F1C9DB60067229D /* icon_message48x48.png in Resources */,
				CF1395881F2F533500D3C0FD /* Arrow38x38@2x.png in Resources */,
				542ABE091F13793500F5F161 /* LaunchScreen.storyboard in Resources */,
				5402674A1F2537E9005967DE /* MyCollectionViewCellWithText.xib in Resources */,
				CFFFC7911F24D10C0097284F /* Female38x38@2x.png in Resources */,
				5428BD731F160494003361AC /* loginPage.storyboard in Resources */,
				CFF3A0441F32F5150065841F /* PostCardVer2@2x.png in Resources */,
				CF26410A1F4351BF005EBFBC /* background2@2x.jpg in Resources */,
				54296C9F1F3069BA000C06C4 /* MyCollectionViewCellWithImage1.xib in Resources */,
				CF0B785C1F1DE8F80067229D /* icon_menu20x20@2x.png in Resources */,
				CFB3FADA1F40AB6A00DF842C /* WriteMailImage@2x.png in Resources */,
				5402675B1F26BCD1005967DE /* messageBG.png in Resources */,
				CF0B78521F1DE2990067229D /* 成就75x75@2x.png in Resources */,
				CFFFC7971F24DFE30097284F /* Another48x48@2x.png in Resources */,
				CFB3FADE1F40AF0D00DF842C /* WriteMailImage100x100@2x.png in Resources */,
				54A82D4B1F37CE510032996D /* cup01.jpg in Resources */,
				CFFFC78D1F24CADD0097284F /* Male30x30@2x.png in Resources */,
				542ABE061F13793500F5F161 /* Assets.xcassets in Resources */,
				CF0B78561F1DE40D0067229D /* 相簿75x75@2x.png in Resources */,
				CF2641091F4351BF005EBFBC /* background1@2x.jpg in Resources */,
				CF26410D1F4351BF005EBFBC /* background5@2x.jpg in Resources */,
				CF0B78401F1DAD5B0067229D /* futureMail.storyboard in Resources */,
				CF13958E1F2F6F7600D3C0FD /* Camera65x65@2x.png in Resources */,
				CF26410B1F4351BF005EBFBC /* background3@2x.jpg in Resources */,
				540267451F24A652005967DE /* c.png in Resources */,
				CF26410C1F4351BF005EBFBC /* background4@2x.jpg in Resources */,
				CFFFC7991F24E1110097284F /* Another32x38@2x.png in Resources */,
				CFC6DB6C1F2B1BCF00669187 /* BeautyView@2x.jpg in Resources */,
				CFFFC78F1F24CBFA0097284F /* Female30x30@2x.png in Resources */,
				CFFFC7A11F259C690097284F /* BabyUser100x100@2x.png in Resources */,
				CF1395921F30300800D3C0FD /* Camera200x200@2x.png in Resources */,
				54A82D491F37C91E0032996D /* AchievementTableViewCell.xib in Resources */,
				CFFFC7931F24D1A00097284F /* Female34x34@2x.png in Resources */,
				CF0B78311F1C94CA0067229D /* icon_menu20x20.png in Resources */,
				CFF3A0461F32FB240065841F /* PostCardVer3@2x.png in Resources */,
				CFB3FADC1F40AE0000DF842C /* WriteMailImage50x50@2x.png in Resources */,
				542ABE041F13793500F5F161 /* Main.storyboard in Resources */,
				CFF3A0521F3310730065841F /* PostCardVer4@2x.png in Resources */,
				CF1395901F2F700F00D3C0FD /* Video75x50@2x.png in Resources */,
				5452CC8F1F1D41AE008F5C25 /* GoogleService-Info.plist in Resources */,
				54A82D401F37B31A0032996D /* head@2x.png in Resources */,
				CF0B78621F1DEBB70067229D /* 清單30x30@2x.png in Resources */,
				CF0B78601F1DEA380067229D /* 清單48x48@2x.png in Resources */,
				CF0B778A1F1859DC0067229D /* Fox.jpg in Resources */,
				CF0B783E1F1DACE50067229D /* aboutme.storyboard in Resources */,
				54A82D411F37B31A0032996D /* head@3x.png in Resources */,
				CFFFC7A31F259D430097284F /* BabyUser@2x.png in Resources */,
				CF0B785E1F1DE9A70067229D /* 清單75x75@2x.png in Resources */,
				CF0B785A1F1DE8040067229D /* 我75x75@2x.png in Resources */,
				540267531F256A78005967DE /* addNewMessage.storyboard in Resources */,
			);
			runOnlyForDeploymentPostprocessing = 0;
		};
/* End PBXResourcesBuildPhase section */

/* Begin PBXShellScriptBuildPhase section */
		49D23553DBA2FE25CCF08FED /* [CP] Copy Pods Resources */ = {
			isa = PBXShellScriptBuildPhase;
			buildActionMask = 2147483647;
			files = (
			);
			inputPaths = (
			);
			name = "[CP] Copy Pods Resources";
			outputPaths = (
			);
			runOnlyForDeploymentPostprocessing = 0;
			shellPath = /bin/sh;
			shellScript = "\"${SRCROOT}/Pods/Target Support Files/Pods-TheTimeAlbum/Pods-TheTimeAlbum-resources.sh\"\n";
			showEnvVarsInLog = 0;
		};
		5C8B4C8C26221063DD1436E6 /* [CP] Check Pods Manifest.lock */ = {
			isa = PBXShellScriptBuildPhase;
			buildActionMask = 2147483647;
			files = (
			);
			inputPaths = (
			);
			name = "[CP] Check Pods Manifest.lock";
			outputPaths = (
			);
			runOnlyForDeploymentPostprocessing = 0;
			shellPath = /bin/sh;
			shellScript = "diff \"${PODS_ROOT}/../Podfile.lock\" \"${PODS_ROOT}/Manifest.lock\" > /dev/null\nif [ $? != 0 ] ; then\n    # print error to STDERR\n    echo \"error: The sandbox is not in sync with the Podfile.lock. Run 'pod install' or update your CocoaPods installation.\" >&2\n    exit 1\nfi\n";
			showEnvVarsInLog = 0;
		};
		6376E70E5D8784FCFC0F18A0 /* [CP] Embed Pods Frameworks */ = {
			isa = PBXShellScriptBuildPhase;
			buildActionMask = 2147483647;
			files = (
			);
			inputPaths = (
			);
			name = "[CP] Embed Pods Frameworks";
			outputPaths = (
			);
			runOnlyForDeploymentPostprocessing = 0;
			shellPath = /bin/sh;
			shellScript = "\"${SRCROOT}/Pods/Target Support Files/Pods-TheTimeAlbum/Pods-TheTimeAlbum-frameworks.sh\"\n";
			showEnvVarsInLog = 0;
		};
/* End PBXShellScriptBuildPhase section */

/* Begin PBXSourcesBuildPhase section */
		542ABDF21F13793500F5F161 /* Sources */ = {
			isa = PBXSourcesBuildPhase;
			buildActionMask = 2147483647;
			files = (
				540267511F256A11005967DE /* addNewMessageVC.m in Sources */,
				5422336F1F26E7CD000933BD /* ThisBabyData.m in Sources */,
				54296CA21F36B1C9000C06C4 /* PostItem.m in Sources */,
				5452CC881F1C7A54008F5C25 /* loginViewController.m in Sources */,
				540267421F24A3DE005967DE /* HeadView.m in Sources */,
				54A82D481F37C91E0032996D /* AchievementTableViewCell.m in Sources */,
				54296C9E1F3069BA000C06C4 /* MyCollectionViewCellWithImage1.m in Sources */,
				542233721F2738E8000933BD /* MyCommunicator.m in Sources */,
				542ABE011F13793500F5F161 /* ViewController.m in Sources */,
				CF783CF51F35DB7F0083948D /* SelectedRow.m in Sources */,
				5402674E1F2544FF005967DE /* textLayout.m in Sources */,
				CF0B784B1F1DBAF60067229D /* AboutMeViewcontrollerCell.m in Sources */,
				54A82D501F37E25D0032996D /* EditTextPostViewController.m in Sources */,
				540829721F2F2D8800109930 /* JLNavigationViewController.m in Sources */,
				CF0B783B1F1D9CDF0067229D /* SliderMenuViewRight.m in Sources */,
				CF6150781F3075B50090433A /* MyTextAttachment.m in Sources */,
				540267491F2537E9005967DE /* MyCollectionViewCellWithText.m in Sources */,
				CFC6DB6A1F2B01DC00669187 /* FutureMaliViewControllerCellTableViewCell.m in Sources */,
				54A82D441F37BABA0032996D /* achievementItem.m in Sources */,
				5402673F1F24A3A6005967DE /* timeLineVC.m in Sources */,
				CF1B65411F39645A00673520 /* TabBarController.m in Sources */,
				CFFFC79C1F25823A0097284F /* BigStickerSettingViewController.m in Sources */,
				542ABDFE1F13793500F5F161 /* AppDelegate.m in Sources */,
				5452CC8B1F1C9AC2008F5C25 /* MyAccountData.m in Sources */,
				CF0B78481F1DB2C20067229D /* AboutMeViewcontroller.m in Sources */,
				CF0B782D1F1C88150067229D /* SliderMenuViewLeft.m in Sources */,
				542ABDFB1F13793500F5F161 /* main.m in Sources */,
				CF0B78661F1E3D290067229D /* AddChildSettingViewController.m in Sources */,
				CF5A8D321F2EF7C400E0FEA6 /* WriteMailViewController.m in Sources */,
				CF5A8D2C1F2DEAF800E0FEA6 /* AchievementViewController.m in Sources */,
				CFC6DB621F2ACF8600669187 /* FutureMailViewController.m in Sources */,
				CF1B654A1F3C0CEF00673520 /* SliderMenuLeftTableViewCell.m in Sources */,
				CF1B65441F3A321E00673520 /* ColorTabBarView.m in Sources */,
			);
			runOnlyForDeploymentPostprocessing = 0;
		};
/* End PBXSourcesBuildPhase section */

/* Begin PBXVariantGroup section */
		5428BD711F160494003361AC /* loginPage.storyboard */ = {
			isa = PBXVariantGroup;
			children = (
				5428BD721F160494003361AC /* Base */,
			);
			name = loginPage.storyboard;
			sourceTree = "<group>";
		};
		542ABE021F13793500F5F161 /* Main.storyboard */ = {
			isa = PBXVariantGroup;
			children = (
				542ABE031F13793500F5F161 /* Base */,
			);
			name = Main.storyboard;
			sourceTree = "<group>";
		};
		542ABE071F13793500F5F161 /* LaunchScreen.storyboard */ = {
			isa = PBXVariantGroup;
			children = (
				542ABE081F13793500F5F161 /* Base */,
			);
			name = LaunchScreen.storyboard;
			sourceTree = "<group>";
		};
		CF0B783C1F1DACE40067229D /* aboutme.storyboard */ = {
			isa = PBXVariantGroup;
			children = (
				CF0B783D1F1DACE50067229D /* Base */,
			);
			name = aboutme.storyboard;
			path = TheTimeAlbum;
			sourceTree = "<group>";
		};
		CF0B78411F1DAD780067229D /* achievement.storyboard */ = {
			isa = PBXVariantGroup;
			children = (
				CF0B78421F1DAD780067229D /* Base */,
			);
			name = achievement.storyboard;
			sourceTree = "<group>";
		};
/* End PBXVariantGroup section */

/* Begin XCBuildConfiguration section */
		542ABE0B1F13793500F5F161 /* Debug */ = {
			isa = XCBuildConfiguration;
			buildSettings = {
				ALWAYS_SEARCH_USER_PATHS = NO;
				CLANG_ANALYZER_NONNULL = YES;
				CLANG_ANALYZER_NUMBER_OBJECT_CONVERSION = YES_AGGRESSIVE;
				CLANG_CXX_LANGUAGE_STANDARD = "gnu++0x";
				CLANG_CXX_LIBRARY = "libc++";
				CLANG_ENABLE_MODULES = YES;
				CLANG_ENABLE_OBJC_ARC = YES;
				CLANG_WARN_BOOL_CONVERSION = YES;
				CLANG_WARN_CONSTANT_CONVERSION = YES;
				CLANG_WARN_DIRECT_OBJC_ISA_USAGE = YES_ERROR;
				CLANG_WARN_DOCUMENTATION_COMMENTS = YES;
				CLANG_WARN_EMPTY_BODY = YES;
				CLANG_WARN_ENUM_CONVERSION = YES;
				CLANG_WARN_INFINITE_RECURSION = YES;
				CLANG_WARN_INT_CONVERSION = YES;
				CLANG_WARN_OBJC_ROOT_CLASS = YES_ERROR;
				CLANG_WARN_SUSPICIOUS_MOVE = YES;
				CLANG_WARN_UNREACHABLE_CODE = YES;
				CLANG_WARN__DUPLICATE_METHOD_MATCH = YES;
				"CODE_SIGN_IDENTITY[sdk=iphoneos*]" = "iPhone Developer";
				COPY_PHASE_STRIP = NO;
				DEBUG_INFORMATION_FORMAT = dwarf;
				ENABLE_STRICT_OBJC_MSGSEND = YES;
				ENABLE_TESTABILITY = YES;
				GCC_C_LANGUAGE_STANDARD = gnu99;
				GCC_DYNAMIC_NO_PIC = NO;
				GCC_NO_COMMON_BLOCKS = YES;
				GCC_OPTIMIZATION_LEVEL = 0;
				GCC_PREPROCESSOR_DEFINITIONS = (
					"DEBUG=1",
					"$(inherited)",
				);
				GCC_WARN_64_TO_32_BIT_CONVERSION = YES;
				GCC_WARN_ABOUT_RETURN_TYPE = YES_ERROR;
				GCC_WARN_UNDECLARED_SELECTOR = YES;
				GCC_WARN_UNINITIALIZED_AUTOS = YES_AGGRESSIVE;
				GCC_WARN_UNUSED_FUNCTION = YES;
				GCC_WARN_UNUSED_VARIABLE = YES;
				IPHONEOS_DEPLOYMENT_TARGET = 10.3;
				MTL_ENABLE_DEBUG_INFO = YES;
				ONLY_ACTIVE_ARCH = YES;
				SDKROOT = iphoneos;
				TARGETED_DEVICE_FAMILY = "1,2";
			};
			name = Debug;
		};
		542ABE0C1F13793500F5F161 /* Release */ = {
			isa = XCBuildConfiguration;
			buildSettings = {
				ALWAYS_SEARCH_USER_PATHS = NO;
				CLANG_ANALYZER_NONNULL = YES;
				CLANG_ANALYZER_NUMBER_OBJECT_CONVERSION = YES_AGGRESSIVE;
				CLANG_CXX_LANGUAGE_STANDARD = "gnu++0x";
				CLANG_CXX_LIBRARY = "libc++";
				CLANG_ENABLE_MODULES = YES;
				CLANG_ENABLE_OBJC_ARC = YES;
				CLANG_WARN_BOOL_CONVERSION = YES;
				CLANG_WARN_CONSTANT_CONVERSION = YES;
				CLANG_WARN_DIRECT_OBJC_ISA_USAGE = YES_ERROR;
				CLANG_WARN_DOCUMENTATION_COMMENTS = YES;
				CLANG_WARN_EMPTY_BODY = YES;
				CLANG_WARN_ENUM_CONVERSION = YES;
				CLANG_WARN_INFINITE_RECURSION = YES;
				CLANG_WARN_INT_CONVERSION = YES;
				CLANG_WARN_OBJC_ROOT_CLASS = YES_ERROR;
				CLANG_WARN_SUSPICIOUS_MOVE = YES;
				CLANG_WARN_UNREACHABLE_CODE = YES;
				CLANG_WARN__DUPLICATE_METHOD_MATCH = YES;
				"CODE_SIGN_IDENTITY[sdk=iphoneos*]" = "iPhone Developer";
				COPY_PHASE_STRIP = NO;
				DEBUG_INFORMATION_FORMAT = "dwarf-with-dsym";
				ENABLE_NS_ASSERTIONS = NO;
				ENABLE_STRICT_OBJC_MSGSEND = YES;
				GCC_C_LANGUAGE_STANDARD = gnu99;
				GCC_NO_COMMON_BLOCKS = YES;
				GCC_WARN_64_TO_32_BIT_CONVERSION = YES;
				GCC_WARN_ABOUT_RETURN_TYPE = YES_ERROR;
				GCC_WARN_UNDECLARED_SELECTOR = YES;
				GCC_WARN_UNINITIALIZED_AUTOS = YES_AGGRESSIVE;
				GCC_WARN_UNUSED_FUNCTION = YES;
				GCC_WARN_UNUSED_VARIABLE = YES;
				IPHONEOS_DEPLOYMENT_TARGET = 10.3;
				MTL_ENABLE_DEBUG_INFO = NO;
				SDKROOT = iphoneos;
				TARGETED_DEVICE_FAMILY = "1,2";
				VALIDATE_PRODUCT = YES;
			};
			name = Release;
		};
		542ABE0E1F13793500F5F161 /* Debug */ = {
			isa = XCBuildConfiguration;
			baseConfigurationReference = 7E254EE1580F00C9AF996E45 /* Pods-TheTimeAlbum.debug.xcconfig */;
			buildSettings = {
				ASSETCATALOG_COMPILER_APPICON_NAME = AppIcon;
				"CODE_SIGN_IDENTITY[sdk=iphoneos*]" = "iPhone Developer";
				DEVELOPMENT_TEAM = KW677WP5HP;
				INFOPLIST_FILE = TheTimeAlbum/Info.plist;
				IPHONEOS_DEPLOYMENT_TARGET = 10.3;
				LD_RUNPATH_SEARCH_PATHS = "$(inherited) @executable_path/Frameworks";
				PRODUCT_BUNDLE_IDENTIFIER = com.Greathard.TheTimeAlbum;
				PRODUCT_NAME = "$(TARGET_NAME)";
				PROVISIONING_PROFILE_SPECIFIER = "";
			};
			name = Debug;
		};
		542ABE0F1F13793500F5F161 /* Release */ = {
			isa = XCBuildConfiguration;
			baseConfigurationReference = 3A339EA35F197EDD566DEFB7 /* Pods-TheTimeAlbum.release.xcconfig */;
			buildSettings = {
				ASSETCATALOG_COMPILER_APPICON_NAME = AppIcon;
				"CODE_SIGN_IDENTITY[sdk=iphoneos*]" = "iPhone Developer";
				DEVELOPMENT_TEAM = KW677WP5HP;
				INFOPLIST_FILE = TheTimeAlbum/Info.plist;
				IPHONEOS_DEPLOYMENT_TARGET = 10.3;
				LD_RUNPATH_SEARCH_PATHS = "$(inherited) @executable_path/Frameworks";
				PRODUCT_BUNDLE_IDENTIFIER = com.Greathard.TheTimeAlbum;
				PRODUCT_NAME = "$(TARGET_NAME)";
				PROVISIONING_PROFILE_SPECIFIER = "";
			};
			name = Release;
		};
/* End XCBuildConfiguration section */

/* Begin XCConfigurationList section */
		542ABDF11F13793500F5F161 /* Build configuration list for PBXProject "TheTimeAlbum" */ = {
			isa = XCConfigurationList;
			buildConfigurations = (
				542ABE0B1F13793500F5F161 /* Debug */,
				542ABE0C1F13793500F5F161 /* Release */,
			);
			defaultConfigurationIsVisible = 0;
			defaultConfigurationName = Release;
		};
		542ABE0D1F13793500F5F161 /* Build configuration list for PBXNativeTarget "TheTimeAlbum" */ = {
			isa = XCConfigurationList;
			buildConfigurations = (
				542ABE0E1F13793500F5F161 /* Debug */,
				542ABE0F1F13793500F5F161 /* Release */,
			);
			defaultConfigurationIsVisible = 0;
			defaultConfigurationName = Release;
		};
/* End XCConfigurationList section */
	};
	rootObject = 542ABDEE1F13793500F5F161 /* Project object */;
}
